// !$*UTF8*$!
{
	archiveVersion = 1;
	classes = {
	};
	objectVersion = 50;
	objects = {

/* Begin PBXBuildFile section */
		EAB276072553F59B009E2266 /* AppDelegate.swift in Sources */ = {isa = PBXBuildFile; fileRef = EAB276062553F59B009E2266 /* AppDelegate.swift */; };
		EAB276092553F59B009E2266 /* SceneDelegate.swift in Sources */ = {isa = PBXBuildFile; fileRef = EAB276082553F59B009E2266 /* SceneDelegate.swift */; };
		EAB2760B2553F59B009E2266 /* ViewController.swift in Sources */ = {isa = PBXBuildFile; fileRef = EAB2760A2553F59B009E2266 /* ViewController.swift */; };
		EAB2760E2553F59B009E2266 /* Main.storyboard in Resources */ = {isa = PBXBuildFile; fileRef = EAB2760C2553F59B009E2266 /* Main.storyboard */; };
		EAB276102553F59E009E2266 /* Assets.xcassets in Resources */ = {isa = PBXBuildFile; fileRef = EAB2760F2553F59E009E2266 /* Assets.xcassets */; };
		EAB276132553F59E009E2266 /* LaunchScreen.storyboard in Resources */ = {isa = PBXBuildFile; fileRef = EAB276112553F59E009E2266 /* LaunchScreen.storyboard */; };
		EAB276202553F765009E2266 /* ItemTableViewCell.swift in Sources */ = {isa = PBXBuildFile; fileRef = EAB2761E2553F765009E2266 /* ItemTableViewCell.swift */; };
		EAB276212553F765009E2266 /* ItemTableViewCell.xib in Resources */ = {isa = PBXBuildFile; fileRef = EAB2761F2553F765009E2266 /* ItemTableViewCell.xib */; };
		EAB276292553FB4B009E2266 /* Model.swift in Sources */ = {isa = PBXBuildFile; fileRef = EAB276282553FB4B009E2266 /* Model.swift */; };
		EAB2762D2553FB54009E2266 /* ViewModel.swift in Sources */ = {isa = PBXBuildFile; fileRef = EAB2762C2553FB54009E2266 /* ViewModel.swift */; };
/* End PBXBuildFile section */

/* Begin PBXFileReference section */
		EAB276032553F59B009E2266 /* Practice-MVVM.app */ = {isa = PBXFileReference; explicitFileType = wrapper.application; includeInIndex = 0; path = "Practice-MVVM.app"; sourceTree = BUILT_PRODUCTS_DIR; };
		EAB276062553F59B009E2266 /* AppDelegate.swift */ = {isa = PBXFileReference; lastKnownFileType = sourcecode.swift; path = AppDelegate.swift; sourceTree = "<group>"; };
		EAB276082553F59B009E2266 /* SceneDelegate.swift */ = {isa = PBXFileReference; lastKnownFileType = sourcecode.swift; path = SceneDelegate.swift; sourceTree = "<group>"; };
		EAB2760A2553F59B009E2266 /* ViewController.swift */ = {isa = PBXFileReference; lastKnownFileType = sourcecode.swift; path = ViewController.swift; sourceTree = "<group>"; };
		EAB2760D2553F59B009E2266 /* Base */ = {isa = PBXFileReference; lastKnownFileType = file.storyboard; name = Base; path = Base.lproj/Main.storyboard; sourceTree = "<group>"; };
		EAB2760F2553F59E009E2266 /* Assets.xcassets */ = {isa = PBXFileReference; lastKnownFileType = folder.assetcatalog; path = Assets.xcassets; sourceTree = "<group>"; };
		EAB276122553F59E009E2266 /* Base */ = {isa = PBXFileReference; lastKnownFileType = file.storyboard; name = Base; path = Base.lproj/LaunchScreen.storyboard; sourceTree = "<group>"; };
		EAB276142553F59E009E2266 /* Info.plist */ = {isa = PBXFileReference; lastKnownFileType = text.plist.xml; path = Info.plist; sourceTree = "<group>"; };
		EAB2761E2553F765009E2266 /* ItemTableViewCell.swift */ = {isa = PBXFileReference; lastKnownFileType = sourcecode.swift; path = ItemTableViewCell.swift; sourceTree = "<group>"; };
		EAB2761F2553F765009E2266 /* ItemTableViewCell.xib */ = {isa = PBXFileReference; lastKnownFileType = file.xib; path = ItemTableViewCell.xib; sourceTree = "<group>"; };
		EAB276282553FB4B009E2266 /* Model.swift */ = {isa = PBXFileReference; lastKnownFileType = sourcecode.swift; path = Model.swift; sourceTree = "<group>"; };
		EAB2762C2553FB54009E2266 /* ViewModel.swift */ = {isa = PBXFileReference; lastKnownFileType = sourcecode.swift; path = ViewModel.swift; sourceTree = "<group>"; };
/* End PBXFileReference section */

/* Begin PBXFrameworksBuildPhase section */
		EAB276002553F59B009E2266 /* Frameworks */ = {
			isa = PBXFrameworksBuildPhase;
			buildActionMask = 2147483647;
			files = (
			);
			runOnlyForDeploymentPostprocessing = 0;
		};
/* End PBXFrameworksBuildPhase section */

/* Begin PBXGroup section */
		EAB275FA2553F59B009E2266 = {
			isa = PBXGroup;
			children = (
				EAB276052553F59B009E2266 /* Practice-MVVM */,
				EAB276042553F59B009E2266 /* Products */,
			);
			sourceTree = "<group>";
		};
		EAB276042553F59B009E2266 /* Products */ = {
			isa = PBXGroup;
			children = (
				EAB276032553F59B009E2266 /* Practice-MVVM.app */,
			);
			name = Products;
			sourceTree = "<group>";
		};
		EAB276052553F59B009E2266 /* Practice-MVVM */ = {
			isa = PBXGroup;
			children = (
				EAB276272553FB3E009E2266 /* ViewModel */,
				EAB276262553FB37009E2266 /* Model */,
				EAB2761B2553F73B009E2266 /* View */,
				EAB276062553F59B009E2266 /* AppDelegate.swift */,
				EAB276082553F59B009E2266 /* SceneDelegate.swift */,
				EAB2760C2553F59B009E2266 /* Main.storyboard */,
				EAB2760F2553F59E009E2266 /* Assets.xcassets */,
				EAB276112553F59E009E2266 /* LaunchScreen.storyboard */,
				EAB276142553F59E009E2266 /* Info.plist */,
			);
			path = "Practice-MVVM";
			sourceTree = "<group>";
		};
		EAB2761B2553F73B009E2266 /* View */ = {
			isa = PBXGroup;
			children = (
				EAB2761D2553F74C009E2266 /* TableViewCell */,
				EAB2761C2553F746009E2266 /* ViewController */,
			);
			path = View;
			sourceTree = "<group>";
		};
		EAB2761C2553F746009E2266 /* ViewController */ = {
			isa = PBXGroup;
			children = (
				EAB2760A2553F59B009E2266 /* ViewController.swift */,
			);
			path = ViewController;
			sourceTree = "<group>";
		};
		EAB2761D2553F74C009E2266 /* TableViewCell */ = {
			isa = PBXGroup;
			children = (
				EAB2761E2553F765009E2266 /* ItemTableViewCell.swift */,
				EAB2761F2553F765009E2266 /* ItemTableViewCell.xib */,
			);
			path = TableViewCell;
			sourceTree = "<group>";
		};
		EAB276262553FB37009E2266 /* Model */ = {
			isa = PBXGroup;
			children = (
				EAB276282553FB4B009E2266 /* Model.swift */,
			);
			path = Model;
			sourceTree = "<group>";
		};
		EAB276272553FB3E009E2266 /* ViewModel */ = {
			isa = PBXGroup;
			children = (
				EAB2762C2553FB54009E2266 /* ViewModel.swift */,
			);
			path = ViewModel;
			sourceTree = "<group>";
		};
/* End PBXGroup section */

/* Begin PBXNativeTarget section */
		EAB276022553F59B009E2266 /* Practice-MVVM */ = {
			isa = PBXNativeTarget;
			buildConfigurationList = EAB276172553F59E009E2266 /* Build configuration list for PBXNativeTarget "Practice-MVVM" */;
			buildPhases = (
				EAB275FF2553F59B009E2266 /* Sources */,
				EAB276002553F59B009E2266 /* Frameworks */,
				EAB276012553F59B009E2266 /* Resources */,
			);
			buildRules = (
			);
			dependencies = (
			);
			name = "Practice-MVVM";
			productName = "Practice-MVVM";
			productReference = EAB276032553F59B009E2266 /* Practice-MVVM.app */;
			productType = "com.apple.product-type.application";
		};
/* End PBXNativeTarget section */

/* Begin PBXProject section */
		EAB275FB2553F59B009E2266 /* Project object */ = {
			isa = PBXProject;
			attributes = {
				LastSwiftUpdateCheck = 1210;
				LastUpgradeCheck = 1210;
				TargetAttributes = {
					EAB276022553F59B009E2266 = {
						CreatedOnToolsVersion = 12.1;
					};
				};
			};
			buildConfigurationList = EAB275FE2553F59B009E2266 /* Build configuration list for PBXProject "Practice-MVVM" */;
			compatibilityVersion = "Xcode 9.3";
			developmentRegion = en;
			hasScannedForEncodings = 0;
			knownRegions = (
				en,
				Base,
			);
			mainGroup = EAB275FA2553F59B009E2266;
			productRefGroup = EAB276042553F59B009E2266 /* Products */;
			projectDirPath = "";
			projectRoot = "";
			targets = (
				EAB276022553F59B009E2266 /* Practice-MVVM */,
			);
		};
/* End PBXProject section */

/* Begin PBXResourcesBuildPhase section */
		EAB276012553F59B009E2266 /* Resources */ = {
			isa = PBXResourcesBuildPhase;
			buildActionMask = 2147483647;
			files = (
				EAB276212553F765009E2266 /* ItemTableViewCell.xib in Resources */,
				EAB276132553F59E009E2266 /* LaunchScreen.storyboard in Resources */,
				EAB276102553F59E009E2266 /* Assets.xcassets in Resources */,
				EAB2760E2553F59B009E2266 /* Main.storyboard in Resources */,
			);
			runOnlyForDeploymentPostprocessing = 0;
		};
/* End PBXResourcesBuildPhase section */

/* Begin PBXSourcesBuildPhase section */
		EAB275FF2553F59B009E2266 /* Sources */ = {
			isa = PBXSourcesBuildPhase;
			buildActionMask = 2147483647;
			files = (
				EAB276292553FB4B009E2266 /* Model.swift in Sources */,
				EAB276202553F765009E2266 /* ItemTableViewCell.swift in Sources */,
				EAB2760B2553F59B009E2266 /* ViewController.swift in Sources */,
				EAB276072553F59B009E2266 /* AppDelegate.swift in Sources */,
				EAB2762D2553FB54009E2266 /* ViewModel.swift in Sources */,
				EAB276092553F59B009E2266 /* SceneDelegate.swift in Sources */,
			);
			runOnlyForDeploymentPostprocessing = 0;
		};
/* End PBXSourcesBuildPhase section */

/* Begin PBXVariantGroup section */
		EAB2760C2553F59B009E2266 /* Main.storyboard */ = {
			isa = PBXVariantGroup;
			children = (
				EAB2760D2553F59B009E2266 /* Base */,
			);
			name = Main.storyboard;
			sourceTree = "<group>";
		};
		EAB276112553F59E009E2266 /* LaunchScreen.storyboard */ = {
			isa = PBXVariantGroup;
			children = (
				EAB276122553F59E009E2266 /* Base */,
			);
			name = LaunchScreen.storyboard;
			sourceTree = "<group>";
		};
/* End PBXVariantGroup section */

/* Begin XCBuildConfiguration section */
		EAB276152553F59E009E2266 /* Debug */ = {
			isa = XCBuildConfiguration;
			buildSettings = {
				ALWAYS_SEARCH_USER_PATHS = NO;
				CLANG_ANALYZER_NONNULL = YES;
				CLANG_ANALYZER_NUMBER_OBJECT_CONVERSION = YES_AGGRESSIVE;
				CLANG_CXX_LANGUAGE_STANDARD = "gnu++14";
				CLANG_CXX_LIBRARY = "libc++";
				CLANG_ENABLE_MODULES = YES;
				CLANG_ENABLE_OBJC_ARC = YES;
				CLANG_ENABLE_OBJC_WEAK = YES;
				CLANG_WARN_BLOCK_CAPTURE_AUTORELEASING = YES;
				CLANG_WARN_BOOL_CONVERSION = YES;
				CLANG_WARN_COMMA = YES;
				CLANG_WARN_CONSTANT_CONVERSION = YES;
				CLANG_WARN_DEPRECATED_OBJC_IMPLEMENTATIONS = YES;
				CLANG_WARN_DIRECT_OBJC_ISA_USAGE = YES_ERROR;
				CLANG_WARN_DOCUMENTATION_COMMENTS = YES;
				CLANG_WARN_EMPTY_BODY = YES;
				CLANG_WARN_ENUM_CONVERSION = YES;
				CLANG_WARN_INFINITE_RECURSION = YES;
				CLANG_WARN_INT_CONVERSION = YES;
				CLANG_WARN_NON_LITERAL_NULL_CONVERSION = YES;
				CLANG_WARN_OBJC_IMPLICIT_RETAIN_SELF = YES;
				CLANG_WARN_OBJC_LITERAL_CONVERSION = YES;
				CLANG_WARN_OBJC_ROOT_CLASS = YES_ERROR;
				CLANG_WARN_QUOTED_INCLUDE_IN_FRAMEWORK_HEADER = YES;
				CLANG_WARN_RANGE_LOOP_ANALYSIS = YES;
				CLANG_WARN_STRICT_PROTOTYPES = YES;
				CLANG_WARN_SUSPICIOUS_MOVE = YES;
				CLANG_WARN_UNGUARDED_AVAILABILITY = YES_AGGRESSIVE;
				CLANG_WARN_UNREACHABLE_CODE = YES;
				CLANG_WARN__DUPLICATE_METHOD_MATCH = YES;
				COPY_PHASE_STRIP = NO;
				DEBUG_INFORMATION_FORMAT = dwarf;
				ENABLE_STRICT_OBJC_MSGSEND = YES;
				ENABLE_TESTABILITY = YES;
				GCC_C_LANGUAGE_STANDARD = gnu11;
				GCC_DYNAMIC_NO_PIC = NO;
				GCC_NO_COMMON_BLOCKS = YES;
				GCC_OPTIMIZATION_LEVEL = 0;
				GCC_PREPROCESSOR_DEFINITIONS = (
					"DEBUG=1",
					"$(inherited)",
				);
				GCC_WARN_64_TO_32_BIT_CONVERSION = YES;
				GCC_WARN_ABOUT_RETURN_TYPE = YES_ERROR;
				GCC_WARN_UNDECLARED_SELECTOR = YES;
				GCC_WARN_UNINITIALIZED_AUTOS = YES_AGGRESSIVE;
				GCC_WARN_UNUSED_FUNCTION = YES;
				GCC_WARN_UNUSED_VARIABLE = YES;
				IPHONEOS_DEPLOYMENT_TARGET = 14.1;
				MTL_ENABLE_DEBUG_INFO = INCLUDE_SOURCE;
				MTL_FAST_MATH = YES;
				ONLY_ACTIVE_ARCH = YES;
				SDKROOT = iphoneos;
				SWIFT_ACTIVE_COMPILATION_CONDITIONS = DEBUG;
				SWIFT_OPTIMIZATION_LEVEL = "-Onone";
			};
			name = Debug;
		};
		EAB276162553F59E009E2266 /* Release */ = {
			isa = XCBuildConfiguration;
			buildSettings = {
				ALWAYS_SEARCH_USER_PATHS = NO;
				CLANG_ANALYZER_NONNULL = YES;
				CLANG_ANALYZER_NUMBER_OBJECT_CONVERSION = YES_AGGRESSIVE;
				CLANG_CXX_LANGUAGE_STANDARD = "gnu++14";
				CLANG_CXX_LIBRARY = "libc++";
				CLANG_ENABLE_MODULES = YES;
				CLANG_ENABLE_OBJC_ARC = YES;
				CLANG_ENABLE_OBJC_WEAK = YES;
				CLANG_WARN_BLOCK_CAPTURE_AUTORELEASING = YES;
				CLANG_WARN_BOOL_CONVERSION = YES;
				CLANG_WARN_COMMA = YES;
				CLANG_WARN_CONSTANT_CONVERSION = YES;
				CLANG_WARN_DEPRECATED_OBJC_IMPLEMENTATIONS = YES;
				CLANG_WARN_DIRECT_OBJC_ISA_USAGE = YES_ERROR;
				CLANG_WARN_DOCUMENTATION_COMMENTS = YES;
				CLANG_WARN_EMPTY_BODY = YES;
				CLANG_WARN_ENUM_CONVERSION = YES;
				CLANG_WARN_INFINITE_RECURSION = YES;
				CLANG_WARN_INT_CONVERSION = YES;
				CLANG_WARN_NON_LITERAL_NULL_CONVERSION = YES;
				CLANG_WARN_OBJC_IMPLICIT_RETAIN_SELF = YES;
				CLANG_WARN_OBJC_LITERAL_CONVERSION = YES;
				CLANG_WARN_OBJC_ROOT_CLASS = YES_ERROR;
				CLANG_WARN_QUOTED_INCLUDE_IN_FRAMEWORK_HEADER = YES;
				CLANG_WARN_RANGE_LOOP_ANALYSIS = YES;
				CLANG_WARN_STRICT_PROTOTYPES = YES;
				CLANG_WARN_SUSPICIOUS_MOVE = YES;
				CLANG_WARN_UNGUARDED_AVAILABILITY = YES_AGGRESSIVE;
				CLANG_WARN_UNREACHABLE_CODE = YES;
				CLANG_WARN__DUPLICATE_METHOD_MATCH = YES;
				COPY_PHASE_STRIP = NO;
				DEBUG_INFORMATION_FORMAT = "dwarf-with-dsym";
				ENABLE_NS_ASSERTIONS = NO;
				ENABLE_STRICT_OBJC_MSGSEND = YES;
				GCC_C_LANGUAGE_STANDARD = gnu11;
				GCC_NO_COMMON_BLOCKS = YES;
				GCC_WARN_64_TO_32_BIT_CONVERSION = YES;
				GCC_WARN_ABOUT_RETURN_TYPE = YES_ERROR;
				GCC_WARN_UNDECLARED_SELECTOR = YES;
				GCC_WARN_UNINITIALIZED_AUTOS = YES_AGGRESSIVE;
				GCC_WARN_UNUSED_FUNCTION = YES;
				GCC_WARN_UNUSED_VARIABLE = YES;
				IPHONEOS_DEPLOYMENT_TARGET = 14.1;
				MTL_ENABLE_DEBUG_INFO = NO;
				MTL_FAST_MATH = YES;
				SDKROOT = iphoneos;
				SWIFT_COMPILATION_MODE = wholemodule;
				SWIFT_OPTIMIZATION_LEVEL = "-O";
				VALIDATE_PRODUCT = YES;
			};
			name = Release;
		};
		EAB276182553F59E009E2266 /* Debug */ = {
			isa = XCBuildConfiguration;
			buildSettings = {
				ASSETCATALOG_COMPILER_APPICON_NAME = AppIcon;
				ASSETCATALOG_COMPILER_GLOBAL_ACCENT_COLOR_NAME = AccentColor;
				CODE_SIGN_STYLE = Automatic;
				DEVELOPMENT_TEAM = U53BLS7M93;
				INFOPLIST_FILE = "Practice-MVVM/Info.plist";
				LD_RUNPATH_SEARCH_PATHS = (
					"$(inherited)",
					"@executable_path/Frameworks",
				);
				PRODUCT_BUNDLE_IDENTIFIER = "key.Practice-MVVM";
				PRODUCT_NAME = "$(TARGET_NAME)";
				SWIFT_VERSION = 5.0;
				TARGETED_DEVICE_FAMILY = "1,2";
			};
			name = Debug;
		};
		EAB276192553F59E009E2266 /* Release */ = {
			isa = XCBuildConfiguration;
			buildSettings = {
				ASSETCATALOG_COMPILER_APPICON_NAME = AppIcon;
				ASSETCATALOG_COMPILER_GLOBAL_ACCENT_COLOR_NAME = AccentColor;
				CODE_SIGN_STYLE = Automatic;
				DEVELOPMENT_TEAM = U53BLS7M93;
				INFOPLIST_FILE = "Practice-MVVM/Info.plist";
				LD_RUNPATH_SEARCH_PATHS = (
					"$(inherited)",
					"@executable_path/Frameworks",
				);
				PRODUCT_BUNDLE_IDENTIFIER = "key.Practice-MVVM";
				PRODUCT_NAME = "$(TARGET_NAME)";
				SWIFT_VERSION = 5.0;
				TARGETED_DEVICE_FAMILY = "1,2";
			};
			name = Release;
		};
/* End XCBuildConfiguration section */

/* Begin XCConfigurationList section */
		EAB275FE2553F59B009E2266 /* Build configuration list for PBXProject "Practice-MVVM" */ = {
			isa = XCConfigurationList;
			buildConfigurations = (
				EAB276152553F59E009E2266 /* Debug */,
				EAB276162553F59E009E2266 /* Release */,
			);
			defaultConfigurationIsVisible = 0;
			defaultConfigurationName = Release;
		};
		EAB276172553F59E009E2266 /* Build configuration list for PBXNativeTarget "Practice-MVVM" */ = {
			isa = XCConfigurationList;
			buildConfigurations = (
				EAB276182553F59E009E2266 /* Debug */,
				EAB276192553F59E009E2266 /* Release */,
			);
			defaultConfigurationIsVisible = 0;
			defaultConfigurationName = Release;
		};
/* End XCConfigurationList section */
	};
	rootObject = EAB275FB2553F59B009E2266 /* Project object */;
}
